
Microsoft Visual Studio Solution File, Format Version 12.00
# Visual Studio Version 17
VisualStudioVersion = 17.14.37111.16 d17.14
MinimumVisualStudioVersion = 10.0.40219.1
Project("{FAE04EC0-301F-11D3-BF4B-00C04F79EFBC}") = "LoginAttemptAnalyzer", "LoginAttemptAnalyzer\LoginAttemptAnalyzer.csproj", "{E050F800-FE3D-4E1C-BFD7-664511410513}"
EndProject
Global
	GlobalSection(SolutionConfigurationPlatforms) = preSolution
		Debug|Any CPU = Debug|Any CPU
		Release|Any CPU = Release|Any CPU
	EndGlobalSection
	GlobalSection(ProjectConfigurationPlatforms) = postSolution
		{E050F800-FE3D-4E1C-BFD7-664511410513}.Debug|Any CPU.ActiveCfg = Debug|Any CPU
		{E050F800-FE3D-4E1C-BFD7-664511410513}.Debug|Any CPU.Build.0 = Debug|Any CPU
		{E050F800-FE3D-4E1C-BFD7-664511410513}.Release|Any CPU.ActiveCfg = Release|Any CPU
		{E050F800-FE3D-4E1C-BFD7-664511410513}.Release|Any CPU.Build.0 = Release|Any CPU
	EndGlobalSection
	GlobalSection(SolutionProperties) = preSolution
		HideSolutionNode = FALSE
	EndGlobalSection
	GlobalSection(ExtensibilityGlobals) = postSolution
		SolutionGuid = {A743BB03-6829-406E-A5F1-CD71E49D8D55}
	EndGlobalSection
EndGlobal
